
Microsoft Visual Studio Solution File, Format Version 12.00
Project("{FAE04EC0-301F-11D3-BF4B-00C04F79EFBC}") = "Clatter.Core", "Clatter.Core\Clatter.Core.csproj", "{08D6715D-6E55-40C7-A606-9865F2E8CCCD}"
EndProject
Project("{FAE04EC0-301F-11D3-BF4B-00C04F79EFBC}") = "Clatter.Unity", "Clatter.Unity\Clatter.Unity.csproj", "{EA92CB47-4969-43E2-91BC-93CFB803E289}"
EndProject
Project("{FAE04EC0-301F-11D3-BF4B-00C04F79EFBC}") = "Clatter.CommandLine", "Clatter.CommandLine\Clatter.CommandLine.csproj", "{3173AD13-502B-4B31-B87B-70BF77AA6EC3}"
EndProject
Project("{FAE04EC0-301F-11D3-BF4B-00C04F79EFBC}") = "Clatter.ImpactBenchmark", "Clatter.ImpactBenchmark\Clatter.ImpactBenchmark.csproj", "{B7F432F2-5985-4EC5-8086-9EEA75A3ED2B}"
EndProject
Project("{FAE04EC0-301F-11D3-BF4B-00C04F79EFBC}") = "Clatter.ImpactTest", "Clatter.ImpactTest\Clatter.ImpactTest.csproj", "{84C9AA3D-35E5-4BE9-AEF4-988F5454FC8D}"
EndProject
Global
	GlobalSection(SolutionConfigurationPlatforms) = preSolution
		Debug|Any CPU = Debug|Any CPU
		Release|Any CPU = Release|Any CPU
	EndGlobalSection
	GlobalSection(ProjectConfigurationPlatforms) = postSolution
		{08D6715D-6E55-40C7-A606-9865F2E8CCCD}.Debug|Any CPU.ActiveCfg = Debug|Any CPU
		{08D6715D-6E55-40C7-A606-9865F2E8CCCD}.Debug|Any CPU.Build.0 = Debug|Any CPU
		{08D6715D-6E55-40C7-A606-9865F2E8CCCD}.Release|Any CPU.ActiveCfg = Release|Any CPU
		{08D6715D-6E55-40C7-A606-9865F2E8CCCD}.Release|Any CPU.Build.0 = Release|Any CPU
		{EA92CB47-4969-43E2-91BC-93CFB803E289}.Debug|Any CPU.ActiveCfg = Debug|Any CPU
		{EA92CB47-4969-43E2-91BC-93CFB803E289}.Debug|Any CPU.Build.0 = Debug|Any CPU
		{EA92CB47-4969-43E2-91BC-93CFB803E289}.Release|Any CPU.ActiveCfg = Release|Any CPU
		{EA92CB47-4969-43E2-91BC-93CFB803E289}.Release|Any CPU.Build.0 = Release|Any CPU
		{3173AD13-502B-4B31-B87B-70BF77AA6EC3}.Debug|Any CPU.ActiveCfg = Debug|Any CPU
		{3173AD13-502B-4B31-B87B-70BF77AA6EC3}.Debug|Any CPU.Build.0 = Debug|Any CPU
		{3173AD13-502B-4B31-B87B-70BF77AA6EC3}.Release|Any CPU.ActiveCfg = Release|Any CPU
		{3173AD13-502B-4B31-B87B-70BF77AA6EC3}.Release|Any CPU.Build.0 = Release|Any CPU
		{B7F432F2-5985-4EC5-8086-9EEA75A3ED2B}.Debug|Any CPU.ActiveCfg = Debug|Any CPU
		{B7F432F2-5985-4EC5-8086-9EEA75A3ED2B}.Debug|Any CPU.Build.0 = Debug|Any CPU
		{B7F432F2-5985-4EC5-8086-9EEA75A3ED2B}.Release|Any CPU.ActiveCfg = Release|Any CPU
		{B7F432F2-5985-4EC5-8086-9EEA75A3ED2B}.Release|Any CPU.Build.0 = Release|Any CPU
		{84C9AA3D-35E5-4BE9-AEF4-988F5454FC8D}.Debug|Any CPU.ActiveCfg = Debug|Any CPU
		{84C9AA3D-35E5-4BE9-AEF4-988F5454FC8D}.Debug|Any CPU.Build.0 = Debug|Any CPU
		{84C9AA3D-35E5-4BE9-AEF4-988F5454FC8D}.Release|Any CPU.ActiveCfg = Release|Any CPU
		{84C9AA3D-35E5-4BE9-AEF4-988F5454FC8D}.Release|Any CPU.Build.0 = Release|Any CPU
	EndGlobalSection
EndGlobal
